
Microsoft Visual Studio Solution File, Format Version 12.00
# Visual Studio Version 17
VisualStudioVersion = 17.7.34221.43
MinimumVisualStudioVersion = 10.0.40219.1
Project("{9A19103F-16F7-4668-BE54-9A1E7A4F7556}") = "PictureAnalyzisWFA", "PictureAnalyzisWFA\PictureAnalyzisWFA.csproj", "{CE79FA98-3858-4E04-86CF-3F291995E043}"
EndProject
Project("{2150E333-8FDC-42A3-9474-1A3956D46DE8}") = "Solution Items", "Solution Items", "{29B9FA71-056F-459B-8D8F-F84290E0D168}"
	ProjectSection(SolutionItems) = preProject
		JPGReader.cs = JPGReader.cs
	EndProjectSection
EndProject
Global
	GlobalSection(SolutionConfigurationPlatforms) = preSolution
		Debug|Any CPU = Debug|Any CPU
		Release|Any CPU = Release|Any CPU
	EndGlobalSection
	GlobalSection(ProjectConfigurationPlatforms) = postSolution
		{CE79FA98-3858-4E04-86CF-3F291995E043}.Debug|Any CPU.ActiveCfg = Debug|Any CPU
		{CE79FA98-3858-4E04-86CF-3F291995E043}.Debug|Any CPU.Build.0 = Debug|Any CPU
		{CE79FA98-3858-4E04-86CF-3F291995E043}.Release|Any CPU.ActiveCfg = Debug|Any CPU
		{CE79FA98-3858-4E04-86CF-3F291995E043}.Release|Any CPU.Build.0 = Debug|Any CPU
	EndGlobalSection
	GlobalSection(SolutionProperties) = preSolution
		HideSolutionNode = FALSE
	EndGlobalSection
	GlobalSection(ExtensibilityGlobals) = postSolution
		SolutionGuid = {179F6817-4CD1-4020-8A05-093DE0102F7A}
	EndGlobalSection
EndGlobal
